# THIS IS AN AUTOGENERATED FILE. DO NOT EDIT THIS FILE DIRECTLY.
# yarn lockfile v1


animate.css@^3.6.1:
  version "3.6.1"
  resolved "https://registry.yarnpkg.com/animate.css/-/animate.css-3.6.1.tgz#4ea8a48556378bc8d7535224296c4c0dac9229de"

vue@^2.5.16:
  version "2.5.16"
  resolved "https://registry.yarnpkg.com/vue/-/vue-2.5.16.tgz#07edb75e8412aaeed871ebafa99f4672584a0085"
